// !$*UTF8*$!
{
	archiveVersion = 1;
	classes = {
	};
	objectVersion = 55;
	objects = {

/* Begin PBXBuildFile section */
		2D30E8242860C03B008D8529 /* AppDelegate.swift in Sources */ = {isa = PBXBuildFile; fileRef = 2D30E8232860C03B008D8529 /* AppDelegate.swift */; };
		2D30E8262860C03B008D8529 /* SceneDelegate.swift in Sources */ = {isa = PBXBuildFile; fileRef = 2D30E8252860C03B008D8529 /* SceneDelegate.swift */; };
		2D30E8282860C03B008D8529 /* ShoppingListViewController.swift in Sources */ = {isa = PBXBuildFile; fileRef = 2D30E8272860C03B008D8529 /* ShoppingListViewController.swift */; };
		2D30E82B2860C03B008D8529 /* Main.storyboard in Resources */ = {isa = PBXBuildFile; fileRef = 2D30E8292860C03B008D8529 /* Main.storyboard */; };
		2D30E82E2860C03B008D8529 /* ShoppingList2.xcdatamodeld in Sources */ = {isa = PBXBuildFile; fileRef = 2D30E82C2860C03B008D8529 /* ShoppingList2.xcdatamodeld */; };
		2D30E8302860C03D008D8529 /* Assets.xcassets in Resources */ = {isa = PBXBuildFile; fileRef = 2D30E82F2860C03D008D8529 /* Assets.xcassets */; };
		2D30E8332860C03D008D8529 /* LaunchScreen.storyboard in Resources */ = {isa = PBXBuildFile; fileRef = 2D30E8312860C03D008D8529 /* LaunchScreen.storyboard */; };
		2D30E83B2860C582008D8529 /* ItemDetailsViewController.swift in Sources */ = {isa = PBXBuildFile; fileRef = 2D30E83A2860C582008D8529 /* ItemDetailsViewController.swift */; };
		2D30E83D2860C642008D8529 /* SupermarketsViewController.swift in Sources */ = {isa = PBXBuildFile; fileRef = 2D30E83C2860C642008D8529 /* SupermarketsViewController.swift */; };
		2D30E83F2860D4F4008D8529 /* HomeViewController.swift in Sources */ = {isa = PBXBuildFile; fileRef = 2D30E83E2860D4F4008D8529 /* HomeViewController.swift */; };
		2D315B472875DB9700411566 /* HomeCollectionViewCell.swift in Sources */ = {isa = PBXBuildFile; fileRef = 2D315B462875DB9700411566 /* HomeCollectionViewCell.swift */; };
/* End PBXBuildFile section */

/* Begin PBXFileReference section */
		2D30E8202860C03B008D8529 /* ShoppingList2.app */ = {isa = PBXFileReference; explicitFileType = wrapper.application; includeInIndex = 0; path = ShoppingList2.app; sourceTree = BUILT_PRODUCTS_DIR; };
		2D30E8232860C03B008D8529 /* AppDelegate.swift */ = {isa = PBXFileReference; lastKnownFileType = sourcecode.swift; path = AppDelegate.swift; sourceTree = "<group>"; };
		2D30E8252860C03B008D8529 /* SceneDelegate.swift */ = {isa = PBXFileReference; lastKnownFileType = sourcecode.swift; path = SceneDelegate.swift; sourceTree = "<group>"; };
		2D30E8272860C03B008D8529 /* ShoppingListViewController.swift */ = {isa = PBXFileReference; lastKnownFileType = sourcecode.swift; path = ShoppingListViewController.swift; sourceTree = "<group>"; };
		2D30E82A2860C03B008D8529 /* Base */ = {isa = PBXFileReference; lastKnownFileType = file.storyboard; name = Base; path = Base.lproj/Main.storyboard; sourceTree = "<group>"; };
		2D30E82D2860C03B008D8529 /* ShoppingList2.xcdatamodel */ = {isa = PBXFileReference; lastKnownFileType = wrapper.xcdatamodel; path = ShoppingList2.xcdatamodel; sourceTree = "<group>"; };
		2D30E82F2860C03D008D8529 /* Assets.xcassets */ = {isa = PBXFileReference; lastKnownFileType = folder.assetcatalog; path = Assets.xcassets; sourceTree = "<group>"; };
		2D30E8322860C03D008D8529 /* Base */ = {isa = PBXFileReference; lastKnownFileType = file.storyboard; name = Base; path = Base.lproj/LaunchScreen.storyboard; sourceTree = "<group>"; };
		2D30E8342860C03D008D8529 /* Info.plist */ = {isa = PBXFileReference; lastKnownFileType = text.plist.xml; path = Info.plist; sourceTree = "<group>"; };
		2D30E83A2860C582008D8529 /* ItemDetailsViewController.swift */ = {isa = PBXFileReference; lastKnownFileType = sourcecode.swift; path = ItemDetailsViewController.swift; sourceTree = "<group>"; };
		2D30E83C2860C642008D8529 /* SupermarketsViewController.swift */ = {isa = PBXFileReference; lastKnownFileType = sourcecode.swift; path = SupermarketsViewController.swift; sourceTree = "<group>"; };
		2D30E83E2860D4F4008D8529 /* HomeViewController.swift */ = {isa = PBXFileReference; lastKnownFileType = sourcecode.swift; path = HomeViewController.swift; sourceTree = "<group>"; };
		2D315B462875DB9700411566 /* HomeCollectionViewCell.swift */ = {isa = PBXFileReference; lastKnownFileType = sourcecode.swift; path = HomeCollectionViewCell.swift; sourceTree = "<group>"; };
/* End PBXFileReference section */

/* Begin PBXFrameworksBuildPhase section */
		2D30E81D2860C03B008D8529 /* Frameworks */ = {
			isa = PBXFrameworksBuildPhase;
			buildActionMask = 2147483647;
			files = (
			);
			runOnlyForDeploymentPostprocessing = 0;
		};
/* End PBXFrameworksBuildPhase section */

/* Begin PBXGroup section */
		2D30E8172860C03B008D8529 = {
			isa = PBXGroup;
			children = (
				2D30E8222860C03B008D8529 /* ShoppingList2 */,
				2D30E8212860C03B008D8529 /* Products */,
			);
			sourceTree = "<group>";
		};
		2D30E8212860C03B008D8529 /* Products */ = {
			isa = PBXGroup;
			children = (
				2D30E8202860C03B008D8529 /* ShoppingList2.app */,
			);
			name = Products;
			sourceTree = "<group>";
		};
		2D30E8222860C03B008D8529 /* ShoppingList2 */ = {
			isa = PBXGroup;
			children = (
				2D30E8232860C03B008D8529 /* AppDelegate.swift */,
				2D30E8252860C03B008D8529 /* SceneDelegate.swift */,
				2D315B482875DC1B00411566 /* Data Model */,
				2D315B492875DC2500411566 /* Controllers */,
				2D315B4A2875DC3C00411566 /* View */,
				2D315B4B2875DC9D00411566 /* Supporting files */,
				2D30E8342860C03D008D8529 /* Info.plist */,
			);
			path = ShoppingList2;
			sourceTree = "<group>";
		};
		2D315B482875DC1B00411566 /* Data Model */ = {
			isa = PBXGroup;
			children = (
				2D30E82C2860C03B008D8529 /* ShoppingList2.xcdatamodeld */,
			);
			path = "Data Model";
			sourceTree = "<group>";
		};
		2D315B492875DC2500411566 /* Controllers */ = {
			isa = PBXGroup;
			children = (
				2D30E83E2860D4F4008D8529 /* HomeViewController.swift */,
				2D315B462875DB9700411566 /* HomeCollectionViewCell.swift */,
				2D30E83A2860C582008D8529 /* ItemDetailsViewController.swift */,
				2D30E8272860C03B008D8529 /* ShoppingListViewController.swift */,
				2D30E83C2860C642008D8529 /* SupermarketsViewController.swift */,
			);
			path = Controllers;
			sourceTree = "<group>";
		};
		2D315B4A2875DC3C00411566 /* View */ = {
			isa = PBXGroup;
			children = (
				2D30E8292860C03B008D8529 /* Main.storyboard */,
			);
			path = View;
			sourceTree = "<group>";
		};
		2D315B4B2875DC9D00411566 /* Supporting files */ = {
			isa = PBXGroup;
			children = (
				2D30E82F2860C03D008D8529 /* Assets.xcassets */,
				2D30E8312860C03D008D8529 /* LaunchScreen.storyboard */,
			);
			path = "Supporting files";
			sourceTree = "<group>";
		};
/* End PBXGroup section */

/* Begin PBXNativeTarget section */
		2D30E81F2860C03B008D8529 /* ShoppingList2 */ = {
			isa = PBXNativeTarget;
			buildConfigurationList = 2D30E8372860C03D008D8529 /* Build configuration list for PBXNativeTarget "ShoppingList2" */;
			buildPhases = (
				2D30E81C2860C03B008D8529 /* Sources */,
				2D30E81D2860C03B008D8529 /* Frameworks */,
				2D30E81E2860C03B008D8529 /* Resources */,
			);
			buildRules = (
			);
			dependencies = (
			);
			name = ShoppingList2;
			productName = ShoppingList2;
			productReference = 2D30E8202860C03B008D8529 /* ShoppingList2.app */;
			productType = "com.apple.product-type.application";
		};
/* End PBXNativeTarget section */

/* Begin PBXProject section */
		2D30E8182860C03B008D8529 /* Project object */ = {
			isa = PBXProject;
			attributes = {
				BuildIndependentTargetsInParallel = 1;
				LastSwiftUpdateCheck = 1330;
				LastUpgradeCheck = 1330;
				TargetAttributes = {
					2D30E81F2860C03B008D8529 = {
						CreatedOnToolsVersion = 13.3;
					};
				};
			};
			buildConfigurationList = 2D30E81B2860C03B008D8529 /* Build configuration list for PBXProject "ShoppingList2" */;
			compatibilityVersion = "Xcode 13.0";
			developmentRegion = en;
			hasScannedForEncodings = 0;
			knownRegions = (
				en,
				Base,
			);
			mainGroup = 2D30E8172860C03B008D8529;
			productRefGroup = 2D30E8212860C03B008D8529 /* Products */;
			projectDirPath = "";
			projectRoot = "";
			targets = (
				2D30E81F2860C03B008D8529 /* ShoppingList2 */,
			);
		};
/* End PBXProject section */

/* Begin PBXResourcesBuildPhase section */
		2D30E81E2860C03B008D8529 /* Resources */ = {
			isa = PBXResourcesBuildPhase;
			buildActionMask = 2147483647;
			files = (
				2D30E8332860C03D008D8529 /* LaunchScreen.storyboard in Resources */,
				2D30E8302860C03D008D8529 /* Assets.xcassets in Resources */,
				2D30E82B2860C03B008D8529 /* Main.storyboard in Resources */,
			);
			runOnlyForDeploymentPostprocessing = 0;
		};
/* End PBXResourcesBuildPhase section */

/* Begin PBXSourcesBuildPhase section */
		2D30E81C2860C03B008D8529 /* Sources */ = {
			isa = PBXSourcesBuildPhase;
			buildActionMask = 2147483647;
			files = (
				2D30E83D2860C642008D8529 /* SupermarketsViewController.swift in Sources */,
				2D30E82E2860C03B008D8529 /* ShoppingList2.xcdatamodeld in Sources */,
				2D30E8282860C03B008D8529 /* ShoppingListViewController.swift in Sources */,
				2D30E83B2860C582008D8529 /* ItemDetailsViewController.swift in Sources */,
				2D30E8242860C03B008D8529 /* AppDelegate.swift in Sources */,
				2D30E83F2860D4F4008D8529 /* HomeViewController.swift in Sources */,
				2D30E8262860C03B008D8529 /* SceneDelegate.swift in Sources */,
				2D315B472875DB9700411566 /* HomeCollectionViewCell.swift in Sources */,
			);
			runOnlyForDeploymentPostprocessing = 0;
		};
/* End PBXSourcesBuildPhase section */

/* Begin PBXVariantGroup section */
		2D30E8292860C03B008D8529 /* Main.storyboard */ = {
			isa = PBXVariantGroup;
			children = (
				2D30E82A2860C03B008D8529 /* Base */,
			);
			name = Main.storyboard;
			sourceTree = "<group>";
		};
		2D30E8312860C03D008D8529 /* LaunchScreen.storyboard */ = {
			isa = PBXVariantGroup;
			children = (
				2D30E8322860C03D008D8529 /* Base */,
			);
			name = LaunchScreen.storyboard;
			sourceTree = "<group>";
		};
/* End PBXVariantGroup section */

/* Begin XCBuildConfiguration section */
		2D30E8352860C03D008D8529 /* Debug */ = {
			isa = XCBuildConfiguration;
			buildSettings = {
				ALWAYS_SEARCH_USER_PATHS = NO;
				CLANG_ANALYZER_NONNULL = YES;
				CLANG_ANALYZER_NUMBER_OBJECT_CONVERSION = YES_AGGRESSIVE;
				CLANG_CXX_LANGUAGE_STANDARD = "gnu++17";
				CLANG_ENABLE_MODULES = YES;
				CLANG_ENABLE_OBJC_ARC = YES;
				CLANG_ENABLE_OBJC_WEAK = YES;
				CLANG_WARN_BLOCK_CAPTURE_AUTORELEASING = YES;
				CLANG_WARN_BOOL_CONVERSION = YES;
				CLANG_WARN_COMMA = YES;
				CLANG_WARN_CONSTANT_CONVERSION = YES;
				CLANG_WARN_DEPRECATED_OBJC_IMPLEMENTATIONS = YES;
				CLANG_WARN_DIRECT_OBJC_ISA_USAGE = YES_ERROR;
				CLANG_WARN_DOCUMENTATION_COMMENTS = YES;
				CLANG_WARN_EMPTY_BODY = YES;
				CLANG_WARN_ENUM_CONVERSION = YES;
				CLANG_WARN_INFINITE_RECURSION = YES;
				CLANG_WARN_INT_CONVERSION = YES;
				CLANG_WARN_NON_LITERAL_NULL_CONVERSION = YES;
				CLANG_WARN_OBJC_IMPLICIT_RETAIN_SELF = YES;
				CLANG_WARN_OBJC_LITERAL_CONVERSION = YES;
				CLANG_WARN_OBJC_ROOT_CLASS = YES_ERROR;
				CLANG_WARN_QUOTED_INCLUDE_IN_FRAMEWORK_HEADER = YES;
				CLANG_WARN_RANGE_LOOP_ANALYSIS = YES;
				CLANG_WARN_STRICT_PROTOTYPES = YES;
				CLANG_WARN_SUSPICIOUS_MOVE = YES;
				CLANG_WARN_UNGUARDED_AVAILABILITY = YES_AGGRESSIVE;
				CLANG_WARN_UNREACHABLE_CODE = YES;
				CLANG_WARN__DUPLICATE_METHOD_MATCH = YES;
				COPY_PHASE_STRIP = NO;
				DEBUG_INFORMATION_FORMAT = dwarf;
				ENABLE_STRICT_OBJC_MSGSEND = YES;
				ENABLE_TESTABILITY = YES;
				GCC_C_LANGUAGE_STANDARD = gnu11;
				GCC_DYNAMIC_NO_PIC = NO;
				GCC_NO_COMMON_BLOCKS = YES;
				GCC_OPTIMIZATION_LEVEL = 0;
				GCC_PREPROCESSOR_DEFINITIONS = (
					"DEBUG=1",
					"$(inherited)",
				);
				GCC_WARN_64_TO_32_BIT_CONVERSION = YES;
				GCC_WARN_ABOUT_RETURN_TYPE = YES_ERROR;
				GCC_WARN_UNDECLARED_SELECTOR = YES;
				GCC_WARN_UNINITIALIZED_AUTOS = YES_AGGRESSIVE;
				GCC_WARN_UNUSED_FUNCTION = YES;
				GCC_WARN_UNUSED_VARIABLE = YES;
				IPHONEOS_DEPLOYMENT_TARGET = 15.4;
				MTL_ENABLE_DEBUG_INFO = INCLUDE_SOURCE;
				MTL_FAST_MATH = YES;
				ONLY_ACTIVE_ARCH = YES;
				SDKROOT = iphoneos;
				SWIFT_ACTIVE_COMPILATION_CONDITIONS = DEBUG;
				SWIFT_OPTIMIZATION_LEVEL = "-Onone";
			};
			name = Debug;
		};
		2D30E8362860C03D008D8529 /* Release */ = {
			isa = XCBuildConfiguration;
			buildSettings = {
				ALWAYS_SEARCH_USER_PATHS = NO;
				CLANG_ANALYZER_NONNULL = YES;
				CLANG_ANALYZER_NUMBER_OBJECT_CONVERSION = YES_AGGRESSIVE;
				CLANG_CXX_LANGUAGE_STANDARD = "gnu++17";
				CLANG_ENABLE_MODULES = YES;
				CLANG_ENABLE_OBJC_ARC = YES;
				CLANG_ENABLE_OBJC_WEAK = YES;
				CLANG_WARN_BLOCK_CAPTURE_AUTORELEASING = YES;
				CLANG_WARN_BOOL_CONVERSION = YES;
				CLANG_WARN_COMMA = YES;
				CLANG_WARN_CONSTANT_CONVERSION = YES;
				CLANG_WARN_DEPRECATED_OBJC_IMPLEMENTATIONS = YES;
				CLANG_WARN_DIRECT_OBJC_ISA_USAGE = YES_ERROR;
				CLANG_WARN_DOCUMENTATION_COMMENTS = YES;
				CLANG_WARN_EMPTY_BODY = YES;
				CLANG_WARN_ENUM_CONVERSION = YES;
				CLANG_WARN_INFINITE_RECURSION = YES;
				CLANG_WARN_INT_CONVERSION = YES;
				CLANG_WARN_NON_LITERAL_NULL_CONVERSION = YES;
				CLANG_WARN_OBJC_IMPLICIT_RETAIN_SELF = YES;
				CLANG_WARN_OBJC_LITERAL_CONVERSION = YES;
				CLANG_WARN_OBJC_ROOT_CLASS = YES_ERROR;
				CLANG_WARN_QUOTED_INCLUDE_IN_FRAMEWORK_HEADER = YES;
				CLANG_WARN_RANGE_LOOP_ANALYSIS = YES;
				CLANG_WARN_STRICT_PROTOTYPES = YES;
				CLANG_WARN_SUSPICIOUS_MOVE = YES;
				CLANG_WARN_UNGUARDED_AVAILABILITY = YES_AGGRESSIVE;
				CLANG_WARN_UNREACHABLE_CODE = YES;
				CLANG_WARN__DUPLICATE_METHOD_MATCH = YES;
				COPY_PHASE_STRIP = NO;
				DEBUG_INFORMATION_FORMAT = "dwarf-with-dsym";
				ENABLE_NS_ASSERTIONS = NO;
				ENABLE_STRICT_OBJC_MSGSEND = YES;
				GCC_C_LANGUAGE_STANDARD = gnu11;
				GCC_NO_COMMON_BLOCKS = YES;
				GCC_WARN_64_TO_32_BIT_CONVERSION = YES;
				GCC_WARN_ABOUT_RETURN_TYPE = YES_ERROR;
				GCC_WARN_UNDECLARED_SELECTOR = YES;
				GCC_WARN_UNINITIALIZED_AUTOS = YES_AGGRESSIVE;
				GCC_WARN_UNUSED_FUNCTION = YES;
				GCC_WARN_UNUSED_VARIABLE = YES;
				IPHONEOS_DEPLOYMENT_TARGET = 15.4;
				MTL_ENABLE_DEBUG_INFO = NO;
				MTL_FAST_MATH = YES;
				SDKROOT = iphoneos;
				SWIFT_COMPILATION_MODE = wholemodule;
				SWIFT_OPTIMIZATION_LEVEL = "-O";
				VALIDATE_PRODUCT = YES;
			};
			name = Release;
		};
		2D30E8382860C03D008D8529 /* Debug */ = {
			isa = XCBuildConfiguration;
			buildSettings = {
				ASSETCATALOG_COMPILER_APPICON_NAME = AppIcon;
				ASSETCATALOG_COMPILER_GLOBAL_ACCENT_COLOR_NAME = AccentColor;
				CODE_SIGN_STYLE = Automatic;
				CURRENT_PROJECT_VERSION = 1;
				GENERATE_INFOPLIST_FILE = YES;
				INFOPLIST_FILE = ShoppingList2/Info.plist;
				INFOPLIST_KEY_UIApplicationSupportsIndirectInputEvents = YES;
				INFOPLIST_KEY_UILaunchStoryboardName = LaunchScreen;
				INFOPLIST_KEY_UIMainStoryboardFile = Main;
				INFOPLIST_KEY_UISupportedInterfaceOrientations_iPad = "UIInterfaceOrientationPortrait UIInterfaceOrientationPortraitUpsideDown UIInterfaceOrientationLandscapeLeft UIInterfaceOrientationLandscapeRight";
				INFOPLIST_KEY_UISupportedInterfaceOrientations_iPhone = "UIInterfaceOrientationPortrait UIInterfaceOrientationLandscapeLeft UIInterfaceOrientationLandscapeRight";
				LD_RUNPATH_SEARCH_PATHS = (
					"$(inherited)",
					"@executable_path/Frameworks",
				);
				MARKETING_VERSION = 1.0;
				PRODUCT_BUNDLE_IDENTIFIER = claudiadinu.ShoppingList2;
				PRODUCT_NAME = "$(TARGET_NAME)";
				SWIFT_EMIT_LOC_STRINGS = YES;
				SWIFT_VERSION = 5.0;
				TARGETED_DEVICE_FAMILY = "1,2";
			};
			name = Debug;
		};
		2D30E8392860C03D008D8529 /* Release */ = {
			isa = XCBuildConfiguration;
			buildSettings = {
				ASSETCATALOG_COMPILER_APPICON_NAME = AppIcon;
				ASSETCATALOG_COMPILER_GLOBAL_ACCENT_COLOR_NAME = AccentColor;
				CODE_SIGN_STYLE = Automatic;
				CURRENT_PROJECT_VERSION = 1;
				GENERATE_INFOPLIST_FILE = YES;
				INFOPLIST_FILE = ShoppingList2/Info.plist;
				INFOPLIST_KEY_UIApplicationSupportsIndirectInputEvents = YES;
				INFOPLIST_KEY_UILaunchStoryboardName = LaunchScreen;
				INFOPLIST_KEY_UIMainStoryboardFile = Main;
				INFOPLIST_KEY_UISupportedInterfaceOrientations_iPad = "UIInterfaceOrientationPortrait UIInterfaceOrientationPortraitUpsideDown UIInterfaceOrientationLandscapeLeft UIInterfaceOrientationLandscapeRight";
				INFOPLIST_KEY_UISupportedInterfaceOrientations_iPhone = "UIInterfaceOrientationPortrait UIInterfaceOrientationLandscapeLeft UIInterfaceOrientationLandscapeRight";
				LD_RUNPATH_SEARCH_PATHS = (
					"$(inherited)",
					"@executable_path/Frameworks",
				);
				MARKETING_VERSION = 1.0;
				PRODUCT_BUNDLE_IDENTIFIER = claudiadinu.ShoppingList2;
				PRODUCT_NAME = "$(TARGET_NAME)";
				SWIFT_EMIT_LOC_STRINGS = YES;
				SWIFT_VERSION = 5.0;
				TARGETED_DEVICE_FAMILY = "1,2";
			};
			name = Release;
		};
/* End XCBuildConfiguration section */

/* Begin XCConfigurationList section */
		2D30E81B2860C03B008D8529 /* Build configuration list for PBXProject "ShoppingList2" */ = {
			isa = XCConfigurationList;
			buildConfigurations = (
				2D30E8352860C03D008D8529 /* Debug */,
				2D30E8362860C03D008D8529 /* Release */,
			);
			defaultConfigurationIsVisible = 0;
			defaultConfigurationName = Release;
		};
		2D30E8372860C03D008D8529 /* Build configuration list for PBXNativeTarget "ShoppingList2" */ = {
			isa = XCConfigurationList;
			buildConfigurations = (
				2D30E8382860C03D008D8529 /* Debug */,
				2D30E8392860C03D008D8529 /* Release */,
			);
			defaultConfigurationIsVisible = 0;
			defaultConfigurationName = Release;
		};
/* End XCConfigurationList section */

/* Begin XCVersionGroup section */
		2D30E82C2860C03B008D8529 /* ShoppingList2.xcdatamodeld */ = {
			isa = XCVersionGroup;
			children = (
				2D30E82D2860C03B008D8529 /* ShoppingList2.xcdatamodel */,
			);
			currentVersion = 2D30E82D2860C03B008D8529 /* ShoppingList2.xcdatamodel */;
			path = ShoppingList2.xcdatamodeld;
			sourceTree = "<group>";
			versionGroupType = wrapper.xcdatamodel;
		};
/* End XCVersionGroup section */
	};
	rootObject = 2D30E8182860C03B008D8529 /* Project object */;
}
